
Microsoft Visual Studio Solution File, Format Version 12.00
# Visual Studio 15
Project("{FAE04EC0-301F-11D3-BF4B-00C04F79EFBC}") = "Assembly-CSharp", "Assembly-CSharp.csproj", "{ADFBD762-B89F-3071-C4E4-0E7C449ACAA0}"
EndProject
Project("{FAE04EC0-301F-11D3-BF4B-00C04F79EFBC}") = "Assembly-CSharp-Editor", "Assembly-CSharp-Editor.csproj", "{826F6DE1-BCFA-42C2-ADA3-81B5119456C7}"
EndProject
Global
	GlobalSection(SolutionConfigurationPlatforms) = preSolution
		Debug|Any CPU = Debug|Any CPU
		Release|Any CPU = Release|Any CPU
	EndGlobalSection
	GlobalSection(ProjectConfigurationPlatforms) = postSolution
		{ADFBD762-B89F-3071-C4E4-0E7C449ACAA0}.Debug|Any CPU.ActiveCfg = Debug|Any CPU
		{ADFBD762-B89F-3071-C4E4-0E7C449ACAA0}.Debug|Any CPU.Build.0 = Debug|Any CPU
		{ADFBD762-B89F-3071-C4E4-0E7C449ACAA0}.Release|Any CPU.ActiveCfg = Release|Any CPU
		{ADFBD762-B89F-3071-C4E4-0E7C449ACAA0}.Release|Any CPU.Build.0 = Release|Any CPU
		{826F6DE1-BCFA-42C2-ADA3-81B5119456C7}.Debug|Any CPU.ActiveCfg = Debug|Any CPU
		{826F6DE1-BCFA-42C2-ADA3-81B5119456C7}.Debug|Any CPU.Build.0 = Debug|Any CPU
		{826F6DE1-BCFA-42C2-ADA3-81B5119456C7}.Release|Any CPU.ActiveCfg = Release|Any CPU
		{826F6DE1-BCFA-42C2-ADA3-81B5119456C7}.Release|Any CPU.Build.0 = Release|Any CPU
	EndGlobalSection
	GlobalSection(SolutionProperties) = preSolution
		HideSolutionNode = FALSE
	EndGlobalSection
EndGlobal
